// !$*UTF8*$!
{
	archiveVersion = 1;
	classes = {
	};
	objectVersion = 55;
	objects = {

/* Begin PBXBuildFile section */
		3F66631827C3C87E00653109 /* EssentialFeedApiEndToEndTests.swift in Sources */ = {isa = PBXBuildFile; fileRef = 3F66631727C3C87E00653109 /* EssentialFeedApiEndToEndTests.swift */; };
		3F66631927C3C87E00653109 /* EssentialFeed.framework in Frameworks */ = {isa = PBXBuildFile; fileRef = 3FF2404A27C284FC00C26709 /* EssentialFeed.framework */; };
		3F66631F27C3D04400653109 /* XCTestCase+MemoryLeakTracking.swift in Sources */ = {isa = PBXBuildFile; fileRef = 3FF2407327C2855300C26709 /* XCTestCase+MemoryLeakTracking.swift */; };
		3FF2404E27C284FC00C26709 /* EssentialFeed.h in Headers */ = {isa = PBXBuildFile; fileRef = 3FF2404D27C284FC00C26709 /* EssentialFeed.h */; settings = {ATTRIBUTES = (Public, ); }; };
		3FF2405727C2851300C26709 /* FeedLoader.swift in Sources */ = {isa = PBXBuildFile; fileRef = 3FF2405527C2851300C26709 /* FeedLoader.swift */; };
		3FF2405827C2851300C26709 /* FeedItem.swift in Sources */ = {isa = PBXBuildFile; fileRef = 3FF2405627C2851300C26709 /* FeedItem.swift */; };
		3FF2405E27C2852400C26709 /* URLSessionHTTPClient.swift in Sources */ = {isa = PBXBuildFile; fileRef = 3FF2405A27C2852400C26709 /* URLSessionHTTPClient.swift */; };
		3FF2405F27C2852400C26709 /* FeedItemsMapper.swift in Sources */ = {isa = PBXBuildFile; fileRef = 3FF2405B27C2852400C26709 /* FeedItemsMapper.swift */; };
		3FF2406027C2852400C26709 /* HTTPClient.swift in Sources */ = {isa = PBXBuildFile; fileRef = 3FF2405C27C2852400C26709 /* HTTPClient.swift */; };
		3FF2406127C2852400C26709 /* RemoteFeedLoader.swift in Sources */ = {isa = PBXBuildFile; fileRef = 3FF2405D27C2852400C26709 /* RemoteFeedLoader.swift */; };
		3FF2406A27C2854400C26709 /* EssentialFeed.framework in Frameworks */ = {isa = PBXBuildFile; fileRef = 3FF2404A27C284FC00C26709 /* EssentialFeed.framework */; };
		3FF2407527C2855300C26709 /* EssentialFeedTests.swift in Sources */ = {isa = PBXBuildFile; fileRef = 3FF2407127C2855300C26709 /* EssentialFeedTests.swift */; };
		3FF2407627C2855300C26709 /* XCTestCase+MemoryLeakTracking.swift in Sources */ = {isa = PBXBuildFile; fileRef = 3FF2407327C2855300C26709 /* XCTestCase+MemoryLeakTracking.swift */; };
		3FF2407727C2855300C26709 /* URLSessionHttpClientTests.swift in Sources */ = {isa = PBXBuildFile; fileRef = 3FF2407427C2855300C26709 /* URLSessionHttpClientTests.swift */; };
/* End PBXBuildFile section */

/* Begin PBXContainerItemProxy section */
		3F66631A27C3C87E00653109 /* PBXContainerItemProxy */ = {
			isa = PBXContainerItemProxy;
			containerPortal = 3FF2404127C284FC00C26709 /* Project object */;
			proxyType = 1;
			remoteGlobalIDString = 3FF2404927C284FC00C26709;
			remoteInfo = EssentialFeed;
		};
		3FF2406B27C2854400C26709 /* PBXContainerItemProxy */ = {
			isa = PBXContainerItemProxy;
			containerPortal = 3FF2404127C284FC00C26709 /* Project object */;
			proxyType = 1;
			remoteGlobalIDString = 3FF2404927C284FC00C26709;
			remoteInfo = EssentialFeed;
		};
/* End PBXContainerItemProxy section */

/* Begin PBXFileReference section */
		3F66631527C3C87E00653109 /* EssentialFeedApiEndToEndTests.xctest */ = {isa = PBXFileReference; explicitFileType = wrapper.cfbundle; includeInIndex = 0; path = EssentialFeedApiEndToEndTests.xctest; sourceTree = BUILT_PRODUCTS_DIR; };
		3F66631727C3C87E00653109 /* EssentialFeedApiEndToEndTests.swift */ = {isa = PBXFileReference; lastKnownFileType = sourcecode.swift; path = EssentialFeedApiEndToEndTests.swift; sourceTree = "<group>"; };
		3FF2404A27C284FC00C26709 /* EssentialFeed.framework */ = {isa = PBXFileReference; explicitFileType = wrapper.framework; includeInIndex = 0; path = EssentialFeed.framework; sourceTree = BUILT_PRODUCTS_DIR; };
		3FF2404D27C284FC00C26709 /* EssentialFeed.h */ = {isa = PBXFileReference; lastKnownFileType = sourcecode.c.h; path = EssentialFeed.h; sourceTree = "<group>"; };
		3FF2405527C2851300C26709 /* FeedLoader.swift */ = {isa = PBXFileReference; fileEncoding = 4; lastKnownFileType = sourcecode.swift; path = FeedLoader.swift; sourceTree = "<group>"; };
		3FF2405627C2851300C26709 /* FeedItem.swift */ = {isa = PBXFileReference; fileEncoding = 4; lastKnownFileType = sourcecode.swift; path = FeedItem.swift; sourceTree = "<group>"; };
		3FF2405A27C2852400C26709 /* URLSessionHTTPClient.swift */ = {isa = PBXFileReference; fileEncoding = 4; lastKnownFileType = sourcecode.swift; path = URLSessionHTTPClient.swift; sourceTree = "<group>"; };
		3FF2405B27C2852400C26709 /* FeedItemsMapper.swift */ = {isa = PBXFileReference; fileEncoding = 4; lastKnownFileType = sourcecode.swift; path = FeedItemsMapper.swift; sourceTree = "<group>"; };
		3FF2405C27C2852400C26709 /* HTTPClient.swift */ = {isa = PBXFileReference; fileEncoding = 4; lastKnownFileType = sourcecode.swift; path = HTTPClient.swift; sourceTree = "<group>"; };
		3FF2405D27C2852400C26709 /* RemoteFeedLoader.swift */ = {isa = PBXFileReference; fileEncoding = 4; lastKnownFileType = sourcecode.swift; path = RemoteFeedLoader.swift; sourceTree = "<group>"; };
		3FF2406627C2854400C26709 /* EssentialFeedTests.xctest */ = {isa = PBXFileReference; explicitFileType = wrapper.cfbundle; includeInIndex = 0; path = EssentialFeedTests.xctest; sourceTree = BUILT_PRODUCTS_DIR; };
		3FF2407127C2855300C26709 /* EssentialFeedTests.swift */ = {isa = PBXFileReference; fileEncoding = 4; lastKnownFileType = sourcecode.swift; path = EssentialFeedTests.swift; sourceTree = "<group>"; };
		3FF2407327C2855300C26709 /* XCTestCase+MemoryLeakTracking.swift */ = {isa = PBXFileReference; fileEncoding = 4; lastKnownFileType = sourcecode.swift; path = "XCTestCase+MemoryLeakTracking.swift"; sourceTree = "<group>"; };
		3FF2407427C2855300C26709 /* URLSessionHttpClientTests.swift */ = {isa = PBXFileReference; fileEncoding = 4; lastKnownFileType = sourcecode.swift; path = URLSessionHttpClientTests.swift; sourceTree = "<group>"; };
/* End PBXFileReference section */

/* Begin PBXFrameworksBuildPhase section */
		3F66631227C3C87E00653109 /* Frameworks */ = {
			isa = PBXFrameworksBuildPhase;
			buildActionMask = 2147483647;
			files = (
				3F66631927C3C87E00653109 /* EssentialFeed.framework in Frameworks */,
			);
			runOnlyForDeploymentPostprocessing = 0;
		};
		3FF2404727C284FC00C26709 /* Frameworks */ = {
			isa = PBXFrameworksBuildPhase;
			buildActionMask = 2147483647;
			files = (
			);
			runOnlyForDeploymentPostprocessing = 0;
		};
		3FF2406327C2854400C26709 /* Frameworks */ = {
			isa = PBXFrameworksBuildPhase;
			buildActionMask = 2147483647;
			files = (
				3FF2406A27C2854400C26709 /* EssentialFeed.framework in Frameworks */,
			);
			runOnlyForDeploymentPostprocessing = 0;
		};
/* End PBXFrameworksBuildPhase section */

/* Begin PBXGroup section */
		3F66631627C3C87E00653109 /* EssentialFeedApiEndToEndTests */ = {
			isa = PBXGroup;
			children = (
				3F66631727C3C87E00653109 /* EssentialFeedApiEndToEndTests.swift */,
			);
			path = EssentialFeedApiEndToEndTests;
			sourceTree = "<group>";
		};
		3FF2404027C284FC00C26709 = {
			isa = PBXGroup;
			children = (
				3FF2404C27C284FC00C26709 /* EssentialFeed */,
				3FF2406727C2854400C26709 /* EssentialFeedTests */,
				3F66631627C3C87E00653109 /* EssentialFeedApiEndToEndTests */,
				3FF2404B27C284FC00C26709 /* Products */,
			);
			sourceTree = "<group>";
		};
		3FF2404B27C284FC00C26709 /* Products */ = {
			isa = PBXGroup;
			children = (
				3FF2404A27C284FC00C26709 /* EssentialFeed.framework */,
				3FF2406627C2854400C26709 /* EssentialFeedTests.xctest */,
				3F66631527C3C87E00653109 /* EssentialFeedApiEndToEndTests.xctest */,
			);
			name = Products;
			sourceTree = "<group>";
		};
		3FF2404C27C284FC00C26709 /* EssentialFeed */ = {
			isa = PBXGroup;
			children = (
				3FF2405427C2851300C26709 /* Feed Feature */,
				3FF2405927C2852400C26709 /* Feed Api */,
				3FF2404D27C284FC00C26709 /* EssentialFeed.h */,
			);
			path = EssentialFeed;
			sourceTree = "<group>";
		};
		3FF2405427C2851300C26709 /* Feed Feature */ = {
			isa = PBXGroup;
			children = (
				3FF2405527C2851300C26709 /* FeedLoader.swift */,
				3FF2405627C2851300C26709 /* FeedItem.swift */,
			);
			path = "Feed Feature";
			sourceTree = "<group>";
		};
		3FF2405927C2852400C26709 /* Feed Api */ = {
			isa = PBXGroup;
			children = (
				3FF2405A27C2852400C26709 /* URLSessionHTTPClient.swift */,
				3FF2405B27C2852400C26709 /* FeedItemsMapper.swift */,
				3FF2405C27C2852400C26709 /* HTTPClient.swift */,
				3FF2405D27C2852400C26709 /* RemoteFeedLoader.swift */,
			);
			path = "Feed Api";
			sourceTree = "<group>";
		};
		3FF2406727C2854400C26709 /* EssentialFeedTests */ = {
			isa = PBXGroup;
			children = (
				3FF2407027C2855300C26709 /* Feed Api */,
			);
			path = EssentialFeedTests;
			sourceTree = "<group>";
		};
		3FF2407027C2855300C26709 /* Feed Api */ = {
			isa = PBXGroup;
			children = (
				3FF2407127C2855300C26709 /* EssentialFeedTests.swift */,
				3FF2407227C2855300C26709 /* Helpers */,
				3FF2407427C2855300C26709 /* URLSessionHttpClientTests.swift */,
			);
			path = "Feed Api";
			sourceTree = "<group>";
		};
		3FF2407227C2855300C26709 /* Helpers */ = {
			isa = PBXGroup;
			children = (
				3FF2407327C2855300C26709 /* XCTestCase+MemoryLeakTracking.swift */,
			);
			path = Helpers;
			sourceTree = "<group>";
		};
/* End PBXGroup section */

/* Begin PBXHeadersBuildPhase section */
		3FF2404527C284FC00C26709 /* Headers */ = {
			isa = PBXHeadersBuildPhase;
			buildActionMask = 2147483647;
			files = (
				3FF2404E27C284FC00C26709 /* EssentialFeed.h in Headers */,
			);
			runOnlyForDeploymentPostprocessing = 0;
		};
/* End PBXHeadersBuildPhase section */

/* Begin PBXNativeTarget section */
		3F66631427C3C87E00653109 /* EssentialFeedApiEndToEndTests */ = {
			isa = PBXNativeTarget;
			buildConfigurationList = 3F66631E27C3C87E00653109 /* Build configuration list for PBXNativeTarget "EssentialFeedApiEndToEndTests" */;
			buildPhases = (
				3F66631127C3C87E00653109 /* Sources */,
				3F66631227C3C87E00653109 /* Frameworks */,
				3F66631327C3C87E00653109 /* Resources */,
			);
			buildRules = (
			);
			dependencies = (
				3F66631B27C3C87E00653109 /* PBXTargetDependency */,
			);
			name = EssentialFeedApiEndToEndTests;
			productName = EssentialFeedApiEndToEndTests;
			productReference = 3F66631527C3C87E00653109 /* EssentialFeedApiEndToEndTests.xctest */;
			productType = "com.apple.product-type.bundle.unit-test";
		};
		3FF2404927C284FC00C26709 /* EssentialFeed */ = {
			isa = PBXNativeTarget;
			buildConfigurationList = 3FF2405127C284FC00C26709 /* Build configuration list for PBXNativeTarget "EssentialFeed" */;
			buildPhases = (
				3FF2404527C284FC00C26709 /* Headers */,
				3FF2404627C284FC00C26709 /* Sources */,
				3FF2404727C284FC00C26709 /* Frameworks */,
				3FF2404827C284FC00C26709 /* Resources */,
			);
			buildRules = (
			);
			dependencies = (
			);
			name = EssentialFeed;
			productName = EssentialFeed;
			productReference = 3FF2404A27C284FC00C26709 /* EssentialFeed.framework */;
			productType = "com.apple.product-type.framework";
		};
		3FF2406527C2854400C26709 /* EssentialFeedTests */ = {
			isa = PBXNativeTarget;
			buildConfigurationList = 3FF2406D27C2854400C26709 /* Build configuration list for PBXNativeTarget "EssentialFeedTests" */;
			buildPhases = (
				3FF2406227C2854400C26709 /* Sources */,
				3FF2406327C2854400C26709 /* Frameworks */,
				3FF2406427C2854400C26709 /* Resources */,
			);
			buildRules = (
			);
			dependencies = (
				3FF2406C27C2854400C26709 /* PBXTargetDependency */,
			);
			name = EssentialFeedTests;
			productName = EssentialFeedTests;
			productReference = 3FF2406627C2854400C26709 /* EssentialFeedTests.xctest */;
			productType = "com.apple.product-type.bundle.unit-test";
		};
/* End PBXNativeTarget section */

/* Begin PBXProject section */
		3FF2404127C284FC00C26709 /* Project object */ = {
			isa = PBXProject;
			attributes = {
				BuildIndependentTargetsInParallel = 1;
				LastSwiftUpdateCheck = 1300;
				LastUpgradeCheck = 1300;
				TargetAttributes = {
					3F66631427C3C87E00653109 = {
						CreatedOnToolsVersion = 13.0;
					};
					3FF2404927C284FC00C26709 = {
						CreatedOnToolsVersion = 13.0;
					};
					3FF2406527C2854400C26709 = {
						CreatedOnToolsVersion = 13.0;
					};
				};
			};
			buildConfigurationList = 3FF2404427C284FC00C26709 /* Build configuration list for PBXProject "EssentialFeed" */;
			compatibilityVersion = "Xcode 13.0";
			developmentRegion = en;
			hasScannedForEncodings = 0;
			knownRegions = (
				en,
				Base,
			);
			mainGroup = 3FF2404027C284FC00C26709;
			productRefGroup = 3FF2404B27C284FC00C26709 /* Products */;
			projectDirPath = "";
			projectRoot = "";
			targets = (
				3FF2404927C284FC00C26709 /* EssentialFeed */,
				3FF2406527C2854400C26709 /* EssentialFeedTests */,
				3F66631427C3C87E00653109 /* EssentialFeedApiEndToEndTests */,
			);
		};
/* End PBXProject section */

/* Begin PBXResourcesBuildPhase section */
		3F66631327C3C87E00653109 /* Resources */ = {
			isa = PBXResourcesBuildPhase;
			buildActionMask = 2147483647;
			files = (
			);
			runOnlyForDeploymentPostprocessing = 0;
		};
		3FF2404827C284FC00C26709 /* Resources */ = {
			isa = PBXResourcesBuildPhase;
			buildActionMask = 2147483647;
			files = (
			);
			runOnlyForDeploymentPostprocessing = 0;
		};
		3FF2406427C2854400C26709 /* Resources */ = {
			isa = PBXResourcesBuildPhase;
			buildActionMask = 2147483647;
			files = (
			);
			runOnlyForDeploymentPostprocessing = 0;
		};
/* End PBXResourcesBuildPhase section */

/* Begin PBXSourcesBuildPhase section */
		3F66631127C3C87E00653109 /* Sources */ = {
			isa = PBXSourcesBuildPhase;
			buildActionMask = 2147483647;
			files = (
				3F66631827C3C87E00653109 /* EssentialFeedApiEndToEndTests.swift in Sources */,
				3F66631F27C3D04400653109 /* XCTestCase+MemoryLeakTracking.swift in Sources */,
			);
			runOnlyForDeploymentPostprocessing = 0;
		};
		3FF2404627C284FC00C26709 /* Sources */ = {
			isa = PBXSourcesBuildPhase;
			buildActionMask = 2147483647;
			files = (
				3FF2405827C2851300C26709 /* FeedItem.swift in Sources */,
				3FF2406027C2852400C26709 /* HTTPClient.swift in Sources */,
				3FF2405727C2851300C26709 /* FeedLoader.swift in Sources */,
				3FF2405E27C2852400C26709 /* URLSessionHTTPClient.swift in Sources */,
				3FF2406127C2852400C26709 /* RemoteFeedLoader.swift in Sources */,
				3FF2405F27C2852400C26709 /* FeedItemsMapper.swift in Sources */,
			);
			runOnlyForDeploymentPostprocessing = 0;
		};
		3FF2406227C2854400C26709 /* Sources */ = {
			isa = PBXSourcesBuildPhase;
			buildActionMask = 2147483647;
			files = (
				3FF2407527C2855300C26709 /* EssentialFeedTests.swift in Sources */,
				3FF2407627C2855300C26709 /* XCTestCase+MemoryLeakTracking.swift in Sources */,
				3FF2407727C2855300C26709 /* URLSessionHttpClientTests.swift in Sources */,
			);
			runOnlyForDeploymentPostprocessing = 0;
		};
/* End PBXSourcesBuildPhase section */

/* Begin PBXTargetDependency section */
		3F66631B27C3C87E00653109 /* PBXTargetDependency */ = {
			isa = PBXTargetDependency;
			target = 3FF2404927C284FC00C26709 /* EssentialFeed */;
			targetProxy = 3F66631A27C3C87E00653109 /* PBXContainerItemProxy */;
		};
		3FF2406C27C2854400C26709 /* PBXTargetDependency */ = {
			isa = PBXTargetDependency;
			target = 3FF2404927C284FC00C26709 /* EssentialFeed */;
			targetProxy = 3FF2406B27C2854400C26709 /* PBXContainerItemProxy */;
		};
/* End PBXTargetDependency section */

/* Begin XCBuildConfiguration section */
		3F66631C27C3C87E00653109 /* Debug */ = {
			isa = XCBuildConfiguration;
			buildSettings = {
				CODE_SIGN_STYLE = Automatic;
				COMBINE_HIDPI_IMAGES = YES;
				CURRENT_PROJECT_VERSION = 1;
				DEVELOPMENT_TEAM = ZTBH29ZRG3;
				GENERATE_INFOPLIST_FILE = YES;
				LD_RUNPATH_SEARCH_PATHS = (
					"$(inherited)",
					"@executable_path/../Frameworks",
					"@loader_path/../Frameworks",
				);
				MACOSX_DEPLOYMENT_TARGET = 11.3;
				MARKETING_VERSION = 1.0;
				PRODUCT_BUNDLE_IDENTIFIER = com.veritran.EssentialFeedApiEndToEndTests;
				PRODUCT_NAME = "$(TARGET_NAME)";
				SDKROOT = macosx;
				SWIFT_ACTIVE_COMPILATION_CONDITIONS = DEBUG;
				SWIFT_EMIT_LOC_STRINGS = NO;
				SWIFT_OPTIMIZATION_LEVEL = "-Onone";
				SWIFT_VERSION = 5.0;
			};
			name = Debug;
		};
		3F66631D27C3C87E00653109 /* Release */ = {
			isa = XCBuildConfiguration;
			buildSettings = {
				CODE_SIGN_STYLE = Automatic;
				COMBINE_HIDPI_IMAGES = YES;
				CURRENT_PROJECT_VERSION = 1;
				DEVELOPMENT_TEAM = ZTBH29ZRG3;
				GENERATE_INFOPLIST_FILE = YES;
				LD_RUNPATH_SEARCH_PATHS = (
					"$(inherited)",
					"@executable_path/../Frameworks",
					"@loader_path/../Frameworks",
				);
				MACOSX_DEPLOYMENT_TARGET = 11.3;
				MARKETING_VERSION = 1.0;
				PRODUCT_BUNDLE_IDENTIFIER = com.veritran.EssentialFeedApiEndToEndTests;
				PRODUCT_NAME = "$(TARGET_NAME)";
				SDKROOT = macosx;
				SWIFT_COMPILATION_MODE = wholemodule;
				SWIFT_EMIT_LOC_STRINGS = NO;
				SWIFT_OPTIMIZATION_LEVEL = "-O";
				SWIFT_VERSION = 5.0;
			};
			name = Release;
		};
		3FF2404F27C284FC00C26709 /* Debug */ = {
			isa = XCBuildConfiguration;
			buildSettings = {
				ALWAYS_SEARCH_USER_PATHS = NO;
				CLANG_ANALYZER_NONNULL = YES;
				CLANG_ANALYZER_NUMBER_OBJECT_CONVERSION = YES_AGGRESSIVE;
				CLANG_CXX_LANGUAGE_STANDARD = "gnu++17";
				CLANG_CXX_LIBRARY = "libc++";
				CLANG_ENABLE_MODULES = YES;
				CLANG_ENABLE_OBJC_ARC = YES;
				CLANG_ENABLE_OBJC_WEAK = YES;
				CLANG_WARN_BLOCK_CAPTURE_AUTORELEASING = YES;
				CLANG_WARN_BOOL_CONVERSION = YES;
				CLANG_WARN_COMMA = YES;
				CLANG_WARN_CONSTANT_CONVERSION = YES;
				CLANG_WARN_DEPRECATED_OBJC_IMPLEMENTATIONS = YES;
				CLANG_WARN_DIRECT_OBJC_ISA_USAGE = YES_ERROR;
				CLANG_WARN_DOCUMENTATION_COMMENTS = YES;
				CLANG_WARN_EMPTY_BODY = YES;
				CLANG_WARN_ENUM_CONVERSION = YES;
				CLANG_WARN_INFINITE_RECURSION = YES;
				CLANG_WARN_INT_CONVERSION = YES;
				CLANG_WARN_NON_LITERAL_NULL_CONVERSION = YES;
				CLANG_WARN_OBJC_IMPLICIT_RETAIN_SELF = YES;
				CLANG_WARN_OBJC_LITERAL_CONVERSION = YES;
				CLANG_WARN_OBJC_ROOT_CLASS = YES_ERROR;
				CLANG_WARN_QUOTED_INCLUDE_IN_FRAMEWORK_HEADER = YES;
				CLANG_WARN_RANGE_LOOP_ANALYSIS = YES;
				CLANG_WARN_STRICT_PROTOTYPES = YES;
				CLANG_WARN_SUSPICIOUS_MOVE = YES;
				CLANG_WARN_UNGUARDED_AVAILABILITY = YES_AGGRESSIVE;
				CLANG_WARN_UNREACHABLE_CODE = YES;
				CLANG_WARN__DUPLICATE_METHOD_MATCH = YES;
				COPY_PHASE_STRIP = NO;
				CURRENT_PROJECT_VERSION = 1;
				DEBUG_INFORMATION_FORMAT = dwarf;
				DRIVERKIT_DEPLOYMENT_TARGET = 20.4;
				ENABLE_STRICT_OBJC_MSGSEND = YES;
				ENABLE_TESTABILITY = YES;
				GCC_C_LANGUAGE_STANDARD = gnu11;
				GCC_DYNAMIC_NO_PIC = NO;
				GCC_NO_COMMON_BLOCKS = YES;
				GCC_OPTIMIZATION_LEVEL = 0;
				GCC_PREPROCESSOR_DEFINITIONS = (
					"DEBUG=1",
					"$(inherited)",
				);
				GCC_WARN_64_TO_32_BIT_CONVERSION = YES;
				GCC_WARN_ABOUT_RETURN_TYPE = YES_ERROR;
				GCC_WARN_UNDECLARED_SELECTOR = YES;
				GCC_WARN_UNINITIALIZED_AUTOS = YES_AGGRESSIVE;
				GCC_WARN_UNUSED_FUNCTION = YES;
				GCC_WARN_UNUSED_VARIABLE = YES;
				MTL_ENABLE_DEBUG_INFO = INCLUDE_SOURCE;
				MTL_FAST_MATH = YES;
				ONLY_ACTIVE_ARCH = YES;
				SDKROOT = driverkit;
				SWIFT_VERSION = 5.0;
				VERSIONING_SYSTEM = "apple-generic";
				VERSION_INFO_PREFIX = "";
			};
			name = Debug;
		};
		3FF2405027C284FC00C26709 /* Release */ = {
			isa = XCBuildConfiguration;
			buildSettings = {
				ALWAYS_SEARCH_USER_PATHS = NO;
				CLANG_ANALYZER_NONNULL = YES;
				CLANG_ANALYZER_NUMBER_OBJECT_CONVERSION = YES_AGGRESSIVE;
				CLANG_CXX_LANGUAGE_STANDARD = "gnu++17";
				CLANG_CXX_LIBRARY = "libc++";
				CLANG_ENABLE_MODULES = YES;
				CLANG_ENABLE_OBJC_ARC = YES;
				CLANG_ENABLE_OBJC_WEAK = YES;
				CLANG_WARN_BLOCK_CAPTURE_AUTORELEASING = YES;
				CLANG_WARN_BOOL_CONVERSION = YES;
				CLANG_WARN_COMMA = YES;
				CLANG_WARN_CONSTANT_CONVERSION = YES;
				CLANG_WARN_DEPRECATED_OBJC_IMPLEMENTATIONS = YES;
				CLANG_WARN_DIRECT_OBJC_ISA_USAGE = YES_ERROR;
				CLANG_WARN_DOCUMENTATION_COMMENTS = YES;
				CLANG_WARN_EMPTY_BODY = YES;
				CLANG_WARN_ENUM_CONVERSION = YES;
				CLANG_WARN_INFINITE_RECURSION = YES;
				CLANG_WARN_INT_CONVERSION = YES;
				CLANG_WARN_NON_LITERAL_NULL_CONVERSION = YES;
				CLANG_WARN_OBJC_IMPLICIT_RETAIN_SELF = YES;
				CLANG_WARN_OBJC_LITERAL_CONVERSION = YES;
				CLANG_WARN_OBJC_ROOT_CLASS = YES_ERROR;
				CLANG_WARN_QUOTED_INCLUDE_IN_FRAMEWORK_HEADER = YES;
				CLANG_WARN_RANGE_LOOP_ANALYSIS = YES;
				CLANG_WARN_STRICT_PROTOTYPES = YES;
				CLANG_WARN_SUSPICIOUS_MOVE = YES;
				CLANG_WARN_UNGUARDED_AVAILABILITY = YES_AGGRESSIVE;
				CLANG_WARN_UNREACHABLE_CODE = YES;
				CLANG_WARN__DUPLICATE_METHOD_MATCH = YES;
				COPY_PHASE_STRIP = NO;
				CURRENT_PROJECT_VERSION = 1;
				DEBUG_INFORMATION_FORMAT = "dwarf-with-dsym";
				DRIVERKIT_DEPLOYMENT_TARGET = 20.4;
				ENABLE_NS_ASSERTIONS = NO;
				ENABLE_STRICT_OBJC_MSGSEND = YES;
				GCC_C_LANGUAGE_STANDARD = gnu11;
				GCC_NO_COMMON_BLOCKS = YES;
				GCC_WARN_64_TO_32_BIT_CONVERSION = YES;
				GCC_WARN_ABOUT_RETURN_TYPE = YES_ERROR;
				GCC_WARN_UNDECLARED_SELECTOR = YES;
				GCC_WARN_UNINITIALIZED_AUTOS = YES_AGGRESSIVE;
				GCC_WARN_UNUSED_FUNCTION = YES;
				GCC_WARN_UNUSED_VARIABLE = YES;
				MTL_ENABLE_DEBUG_INFO = NO;
				MTL_FAST_MATH = YES;
				SDKROOT = driverkit;
				SWIFT_VERSION = 5.0;
				VERSIONING_SYSTEM = "apple-generic";
				VERSION_INFO_PREFIX = "";
			};
			name = Release;
		};
		3FF2405227C284FC00C26709 /* Debug */ = {
			isa = XCBuildConfiguration;
			buildSettings = {
				CODE_SIGN_STYLE = Automatic;
				COMBINE_HIDPI_IMAGES = YES;
				CURRENT_PROJECT_VERSION = 1;
				DEFINES_MODULE = YES;
				DEVELOPMENT_TEAM = ZTBH29ZRG3;
				DYLIB_COMPATIBILITY_VERSION = 1;
				DYLIB_CURRENT_VERSION = 1;
				DYLIB_INSTALL_NAME_BASE = "@rpath";
				GENERATE_INFOPLIST_FILE = YES;
				INFOPLIST_KEY_NSHumanReadableCopyright = "";
				INSTALL_PATH = "$(LOCAL_LIBRARY_DIR)/Frameworks";
				LD_RUNPATH_SEARCH_PATHS = (
					"$(inherited)",
					"@executable_path/../Frameworks",
					"@loader_path/Frameworks",
				);
				MARKETING_VERSION = 1.0;
				PRODUCT_BUNDLE_IDENTIFIER = com.veritran.EssentialFeed;
				PRODUCT_NAME = "$(TARGET_NAME:c99extidentifier)";
				RUN_CLANG_STATIC_ANALYZER = YES;
				SDKROOT = macosx;
				SKIP_INSTALL = YES;
				SWIFT_EMIT_LOC_STRINGS = YES;
			};
			name = Debug;
		};
		3FF2405327C284FC00C26709 /* Release */ = {
			isa = XCBuildConfiguration;
			buildSettings = {
				CODE_SIGN_STYLE = Automatic;
				COMBINE_HIDPI_IMAGES = YES;
				CURRENT_PROJECT_VERSION = 1;
				DEFINES_MODULE = YES;
				DEVELOPMENT_TEAM = ZTBH29ZRG3;
				DYLIB_COMPATIBILITY_VERSION = 1;
				DYLIB_CURRENT_VERSION = 1;
				DYLIB_INSTALL_NAME_BASE = "@rpath";
				GENERATE_INFOPLIST_FILE = YES;
				INFOPLIST_KEY_NSHumanReadableCopyright = "";
				INSTALL_PATH = "$(LOCAL_LIBRARY_DIR)/Frameworks";
				LD_RUNPATH_SEARCH_PATHS = (
					"$(inherited)",
					"@executable_path/../Frameworks",
					"@loader_path/Frameworks",
				);
				MARKETING_VERSION = 1.0;
				PRODUCT_BUNDLE_IDENTIFIER = com.veritran.EssentialFeed;
				PRODUCT_NAME = "$(TARGET_NAME:c99extidentifier)";
				RUN_CLANG_STATIC_ANALYZER = YES;
				SDKROOT = macosx;
				SKIP_INSTALL = YES;
				SWIFT_EMIT_LOC_STRINGS = YES;
			};
			name = Release;
		};
		3FF2406E27C2854400C26709 /* Debug */ = {
			isa = XCBuildConfiguration;
			buildSettings = {
				CODE_SIGN_STYLE = Automatic;
				COMBINE_HIDPI_IMAGES = YES;
				CURRENT_PROJECT_VERSION = 1;
				DEVELOPMENT_TEAM = ZTBH29ZRG3;
				GENERATE_INFOPLIST_FILE = YES;
				LD_RUNPATH_SEARCH_PATHS = (
					"$(inherited)",
					"@executable_path/../Frameworks",
					"@loader_path/../Frameworks",
				);
				MACOSX_DEPLOYMENT_TARGET = 11.3;
				MARKETING_VERSION = 1.0;
				PRODUCT_BUNDLE_IDENTIFIER = com.veritran.EssentialFeedTests;
				PRODUCT_NAME = "$(TARGET_NAME)";
				SDKROOT = macosx;
				SWIFT_ACTIVE_COMPILATION_CONDITIONS = DEBUG;
				SWIFT_EMIT_LOC_STRINGS = NO;
				SWIFT_OPTIMIZATION_LEVEL = "-Onone";
				SWIFT_VERSION = 5.0;
			};
			name = Debug;
		};
		3FF2406F27C2854400C26709 /* Release */ = {
			isa = XCBuildConfiguration;
			buildSettings = {
				CODE_SIGN_STYLE = Automatic;
				COMBINE_HIDPI_IMAGES = YES;
				CURRENT_PROJECT_VERSION = 1;
				DEVELOPMENT_TEAM = ZTBH29ZRG3;
				GENERATE_INFOPLIST_FILE = YES;
				LD_RUNPATH_SEARCH_PATHS = (
					"$(inherited)",
					"@executable_path/../Frameworks",
					"@loader_path/../Frameworks",
				);
				MACOSX_DEPLOYMENT_TARGET = 11.3;
				MARKETING_VERSION = 1.0;
				PRODUCT_BUNDLE_IDENTIFIER = com.veritran.EssentialFeedTests;
				PRODUCT_NAME = "$(TARGET_NAME)";
				SDKROOT = macosx;
				SWIFT_COMPILATION_MODE = wholemodule;
				SWIFT_EMIT_LOC_STRINGS = NO;
				SWIFT_OPTIMIZATION_LEVEL = "-O";
				SWIFT_VERSION = 5.0;
			};
			name = Release;
		};
/* End XCBuildConfiguration section */

/* Begin XCConfigurationList section */
		3F66631E27C3C87E00653109 /* Build configuration list for PBXNativeTarget "EssentialFeedApiEndToEndTests" */ = {
			isa = XCConfigurationList;
			buildConfigurations = (
				3F66631C27C3C87E00653109 /* Debug */,
				3F66631D27C3C87E00653109 /* Release */,
			);
			defaultConfigurationIsVisible = 0;
			defaultConfigurationName = Release;
		};
		3FF2404427C284FC00C26709 /* Build configuration list for PBXProject "EssentialFeed" */ = {
			isa = XCConfigurationList;
			buildConfigurations = (
				3FF2404F27C284FC00C26709 /* Debug */,
				3FF2405027C284FC00C26709 /* Release */,
			);
			defaultConfigurationIsVisible = 0;
			defaultConfigurationName = Release;
		};
		3FF2405127C284FC00C26709 /* Build configuration list for PBXNativeTarget "EssentialFeed" */ = {
			isa = XCConfigurationList;
			buildConfigurations = (
				3FF2405227C284FC00C26709 /* Debug */,
				3FF2405327C284FC00C26709 /* Release */,
			);
			defaultConfigurationIsVisible = 0;
			defaultConfigurationName = Release;
		};
		3FF2406D27C2854400C26709 /* Build configuration list for PBXNativeTarget "EssentialFeedTests" */ = {
			isa = XCConfigurationList;
			buildConfigurations = (
				3FF2406E27C2854400C26709 /* Debug */,
				3FF2406F27C2854400C26709 /* Release */,
			);
			defaultConfigurationIsVisible = 0;
			defaultConfigurationName = Release;
		};
/* End XCConfigurationList section */
	};
	rootObject = 3FF2404127C284FC00C26709 /* Project object */;
}
